
Microsoft Visual Studio Solution File, Format Version 12.00
# Visual Studio 15
VisualStudioVersion = 15.0.26124.0
MinimumVisualStudioVersion = 15.0.26124.0
Project("{2150E333-8FDC-42A3-9474-1A3956D46DE8}") = "src", "src", "{5DAF9EF0-7B73-4AF0-874A-DD39B2FE71BE}"
EndProject
Project("{FAE04EC0-301F-11D3-BF4B-00C04F79EFBC}") = "SimpleAPI", "src\SimpleAPI\SimpleAPI.csproj", "{B14E848D-EE70-45E2-8F33-AE92B34291B7}"
EndProject
Project("{2150E333-8FDC-42A3-9474-1A3956D46DE8}") = "test", "test", "{EE848BC5-E50C-42CF-B272-D4B2A149998E}"
EndProject
Project("{FAE04EC0-301F-11D3-BF4B-00C04F79EFBC}") = "SimpleAPI.Tests", "test\SimpleAPI.Tests\SimpleAPI.Tests.csproj", "{51E3055E-C6AB-457C-8940-62E68B889DCC}"
EndProject
Global
	GlobalSection(SolutionConfigurationPlatforms) = preSolution
		Debug|Any CPU = Debug|Any CPU
		Debug|x64 = Debug|x64
		Debug|x86 = Debug|x86
		Release|Any CPU = Release|Any CPU
		Release|x64 = Release|x64
		Release|x86 = Release|x86
	EndGlobalSection
	GlobalSection(SolutionProperties) = preSolution
		HideSolutionNode = FALSE
	EndGlobalSection
	GlobalSection(ProjectConfigurationPlatforms) = postSolution
		{B14E848D-EE70-45E2-8F33-AE92B34291B7}.Debug|Any CPU.ActiveCfg = Debug|Any CPU
		{B14E848D-EE70-45E2-8F33-AE92B34291B7}.Debug|Any CPU.Build.0 = Debug|Any CPU
		{B14E848D-EE70-45E2-8F33-AE92B34291B7}.Debug|x64.ActiveCfg = Debug|Any CPU
		{B14E848D-EE70-45E2-8F33-AE92B34291B7}.Debug|x64.Build.0 = Debug|Any CPU
		{B14E848D-EE70-45E2-8F33-AE92B34291B7}.Debug|x86.ActiveCfg = Debug|Any CPU
		{B14E848D-EE70-45E2-8F33-AE92B34291B7}.Debug|x86.Build.0 = Debug|Any CPU
		{B14E848D-EE70-45E2-8F33-AE92B34291B7}.Release|Any CPU.ActiveCfg = Release|Any CPU
		{B14E848D-EE70-45E2-8F33-AE92B34291B7}.Release|Any CPU.Build.0 = Release|Any CPU
		{B14E848D-EE70-45E2-8F33-AE92B34291B7}.Release|x64.ActiveCfg = Release|Any CPU
		{B14E848D-EE70-45E2-8F33-AE92B34291B7}.Release|x64.Build.0 = Release|Any CPU
		{B14E848D-EE70-45E2-8F33-AE92B34291B7}.Release|x86.ActiveCfg = Release|Any CPU
		{B14E848D-EE70-45E2-8F33-AE92B34291B7}.Release|x86.Build.0 = Release|Any CPU
		{51E3055E-C6AB-457C-8940-62E68B889DCC}.Debug|Any CPU.ActiveCfg = Debug|Any CPU
		{51E3055E-C6AB-457C-8940-62E68B889DCC}.Debug|Any CPU.Build.0 = Debug|Any CPU
		{51E3055E-C6AB-457C-8940-62E68B889DCC}.Debug|x64.ActiveCfg = Debug|Any CPU
		{51E3055E-C6AB-457C-8940-62E68B889DCC}.Debug|x64.Build.0 = Debug|Any CPU
		{51E3055E-C6AB-457C-8940-62E68B889DCC}.Debug|x86.ActiveCfg = Debug|Any CPU
		{51E3055E-C6AB-457C-8940-62E68B889DCC}.Debug|x86.Build.0 = Debug|Any CPU
		{51E3055E-C6AB-457C-8940-62E68B889DCC}.Release|Any CPU.ActiveCfg = Release|Any CPU
		{51E3055E-C6AB-457C-8940-62E68B889DCC}.Release|Any CPU.Build.0 = Release|Any CPU
		{51E3055E-C6AB-457C-8940-62E68B889DCC}.Release|x64.ActiveCfg = Release|Any CPU
		{51E3055E-C6AB-457C-8940-62E68B889DCC}.Release|x64.Build.0 = Release|Any CPU
		{51E3055E-C6AB-457C-8940-62E68B889DCC}.Release|x86.ActiveCfg = Release|Any CPU
		{51E3055E-C6AB-457C-8940-62E68B889DCC}.Release|x86.Build.0 = Release|Any CPU
	EndGlobalSection
	GlobalSection(NestedProjects) = preSolution
		{B14E848D-EE70-45E2-8F33-AE92B34291B7} = {5DAF9EF0-7B73-4AF0-874A-DD39B2FE71BE}
		{51E3055E-C6AB-457C-8940-62E68B889DCC} = {EE848BC5-E50C-42CF-B272-D4B2A149998E}
	EndGlobalSection
EndGlobal
